
Microsoft Visual Studio Solution File, Format Version 12.00
# Visual Studio 15
VisualStudioVersion = 15.0.26730.15
MinimumVisualStudioVersion = 10.0.40219.1
Project("{2150E333-8FDC-42A3-9474-1A3956D46DE8}") = "Engine", "Engine", "{F530C671-F598-47D2-90DF-29C302D837E4}"
EndProject
Project("{2150E333-8FDC-42A3-9474-1A3956D46DE8}") = "Games", "Games", "{071FBA0D-038A-4564-AB1A-8EA04D8642A4}"
EndProject
Project("{8BC9CEB8-8B4A-11D0-8D11-00A0C91BC942}") = "UE4", "Intermediate\ProjectFiles\UE4.vcxproj", "{F5B1F498-43E1-4842-9923-2511D0AD269C}"
EndProject
Project("{8BC9CEB8-8B4A-11D0-8D11-00A0C91BC942}") = "BuildingEscape", "Intermediate\ProjectFiles\BuildingEscape.vcxproj", "{2C1E479C-2C20-49CB-8D14-E3F30625F75B}"
EndProject
Global
	GlobalSection(SolutionConfigurationPlatforms) = preSolution
		DebugGame Editor|HTML5 = DebugGame Editor|HTML5
		DebugGame Editor|Win32 = DebugGame Editor|Win32
		DebugGame Editor|Win64 = DebugGame Editor|Win64
		DebugGame|HTML5 = DebugGame|HTML5
		DebugGame|Win32 = DebugGame|Win32
		DebugGame|Win64 = DebugGame|Win64
		Development Editor|HTML5 = Development Editor|HTML5
		Development Editor|Win32 = Development Editor|Win32
		Development Editor|Win64 = Development Editor|Win64
		Development|HTML5 = Development|HTML5
		Development|Win32 = Development|Win32
		Development|Win64 = Development|Win64
		Shipping|HTML5 = Shipping|HTML5
		Shipping|Win32 = Shipping|Win32
		Shipping|Win64 = Shipping|Win64
	EndGlobalSection
	GlobalSection(ProjectConfigurationPlatforms) = postSolution
		{F5B1F498-43E1-4842-9923-2511D0AD269C}.DebugGame Editor|HTML5.ActiveCfg = BuiltWithUnrealBuildTool|Win32
		{F5B1F498-43E1-4842-9923-2511D0AD269C}.DebugGame Editor|HTML5.Build.0 = BuiltWithUnrealBuildTool|Win32
		{F5B1F498-43E1-4842-9923-2511D0AD269C}.DebugGame Editor|Win32.ActiveCfg = BuiltWithUnrealBuildTool|Win32
		{F5B1F498-43E1-4842-9923-2511D0AD269C}.DebugGame Editor|Win32.Build.0 = BuiltWithUnrealBuildTool|Win32
		{F5B1F498-43E1-4842-9923-2511D0AD269C}.DebugGame Editor|Win64.ActiveCfg = BuiltWithUnrealBuildTool|Win32
		{F5B1F498-43E1-4842-9923-2511D0AD269C}.DebugGame Editor|Win64.Build.0 = BuiltWithUnrealBuildTool|Win32
		{F5B1F498-43E1-4842-9923-2511D0AD269C}.DebugGame|HTML5.ActiveCfg = BuiltWithUnrealBuildTool|Win32
		{F5B1F498-43E1-4842-9923-2511D0AD269C}.DebugGame|HTML5.Build.0 = BuiltWithUnrealBuildTool|Win32
		{F5B1F498-43E1-4842-9923-2511D0AD269C}.DebugGame|Win32.ActiveCfg = BuiltWithUnrealBuildTool|Win32
		{F5B1F498-43E1-4842-9923-2511D0AD269C}.DebugGame|Win32.Build.0 = BuiltWithUnrealBuildTool|Win32
		{F5B1F498-43E1-4842-9923-2511D0AD269C}.DebugGame|Win64.ActiveCfg = BuiltWithUnrealBuildTool|Win32
		{F5B1F498-43E1-4842-9923-2511D0AD269C}.DebugGame|Win64.Build.0 = BuiltWithUnrealBuildTool|Win32
		{F5B1F498-43E1-4842-9923-2511D0AD269C}.Development Editor|HTML5.ActiveCfg = BuiltWithUnrealBuildTool|Win32
		{F5B1F498-43E1-4842-9923-2511D0AD269C}.Development Editor|HTML5.Build.0 = BuiltWithUnrealBuildTool|Win32
		{F5B1F498-43E1-4842-9923-2511D0AD269C}.Development Editor|Win32.ActiveCfg = BuiltWithUnrealBuildTool|Win32
		{F5B1F498-43E1-4842-9923-2511D0AD269C}.Development Editor|Win32.Build.0 = BuiltWithUnrealBuildTool|Win32
		{F5B1F498-43E1-4842-9923-2511D0AD269C}.Development Editor|Win64.ActiveCfg = BuiltWithUnrealBuildTool|Win32
		{F5B1F498-43E1-4842-9923-2511D0AD269C}.Development Editor|Win64.Build.0 = BuiltWithUnrealBuildTool|Win32
		{F5B1F498-43E1-4842-9923-2511D0AD269C}.Development|HTML5.ActiveCfg = BuiltWithUnrealBuildTool|Win32
		{F5B1F498-43E1-4842-9923-2511D0AD269C}.Development|HTML5.Build.0 = BuiltWithUnrealBuildTool|Win32
		{F5B1F498-43E1-4842-9923-2511D0AD269C}.Development|Win32.ActiveCfg = BuiltWithUnrealBuildTool|Win32
		{F5B1F498-43E1-4842-9923-2511D0AD269C}.Development|Win32.Build.0 = BuiltWithUnrealBuildTool|Win32
		{F5B1F498-43E1-4842-9923-2511D0AD269C}.Development|Win64.ActiveCfg = BuiltWithUnrealBuildTool|Win32
		{F5B1F498-43E1-4842-9923-2511D0AD269C}.Development|Win64.Build.0 = BuiltWithUnrealBuildTool|Win32
		{F5B1F498-43E1-4842-9923-2511D0AD269C}.Shipping|HTML5.ActiveCfg = BuiltWithUnrealBuildTool|Win32
		{F5B1F498-43E1-4842-9923-2511D0AD269C}.Shipping|HTML5.Build.0 = BuiltWithUnrealBuildTool|Win32
		{F5B1F498-43E1-4842-9923-2511D0AD269C}.Shipping|Win32.ActiveCfg = BuiltWithUnrealBuildTool|Win32
		{F5B1F498-43E1-4842-9923-2511D0AD269C}.Shipping|Win32.Build.0 = BuiltWithUnrealBuildTool|Win32
		{F5B1F498-43E1-4842-9923-2511D0AD269C}.Shipping|Win64.ActiveCfg = BuiltWithUnrealBuildTool|Win32
		{F5B1F498-43E1-4842-9923-2511D0AD269C}.Shipping|Win64.Build.0 = BuiltWithUnrealBuildTool|Win32
		{2C1E479C-2C20-49CB-8D14-E3F30625F75B}.DebugGame Editor|HTML5.ActiveCfg = HTML5_DebugGame_Editor|Win32
		{2C1E479C-2C20-49CB-8D14-E3F30625F75B}.DebugGame Editor|Win32.ActiveCfg = DebugGame_Editor|Win32
		{2C1E479C-2C20-49CB-8D14-E3F30625F75B}.DebugGame Editor|Win64.ActiveCfg = DebugGame_Editor|x64
		{2C1E479C-2C20-49CB-8D14-E3F30625F75B}.DebugGame Editor|Win64.Build.0 = DebugGame_Editor|x64
		{2C1E479C-2C20-49CB-8D14-E3F30625F75B}.DebugGame|HTML5.ActiveCfg = HTML5_DebugGame_Game|Win32
		{2C1E479C-2C20-49CB-8D14-E3F30625F75B}.DebugGame|HTML5.Build.0 = HTML5_DebugGame_Game|Win32
		{2C1E479C-2C20-49CB-8D14-E3F30625F75B}.DebugGame|Win32.ActiveCfg = DebugGame_Game|Win32
		{2C1E479C-2C20-49CB-8D14-E3F30625F75B}.DebugGame|Win32.Build.0 = DebugGame_Game|Win32
		{2C1E479C-2C20-49CB-8D14-E3F30625F75B}.DebugGame|Win64.ActiveCfg = DebugGame_Game|x64
		{2C1E479C-2C20-49CB-8D14-E3F30625F75B}.DebugGame|Win64.Build.0 = DebugGame_Game|x64
		{2C1E479C-2C20-49CB-8D14-E3F30625F75B}.Development Editor|HTML5.ActiveCfg = HTML5_Development_Editor|Win32
		{2C1E479C-2C20-49CB-8D14-E3F30625F75B}.Development Editor|Win32.ActiveCfg = Development_Editor|Win32
		{2C1E479C-2C20-49CB-8D14-E3F30625F75B}.Development Editor|Win64.ActiveCfg = Development_Editor|x64
		{2C1E479C-2C20-49CB-8D14-E3F30625F75B}.Development Editor|Win64.Build.0 = Development_Editor|x64
		{2C1E479C-2C20-49CB-8D14-E3F30625F75B}.Development|HTML5.ActiveCfg = HTML5_Development_Game|Win32
		{2C1E479C-2C20-49CB-8D14-E3F30625F75B}.Development|HTML5.Build.0 = HTML5_Development_Game|Win32
		{2C1E479C-2C20-49CB-8D14-E3F30625F75B}.Development|Win32.ActiveCfg = Development_Game|Win32
		{2C1E479C-2C20-49CB-8D14-E3F30625F75B}.Development|Win32.Build.0 = Development_Game|Win32
		{2C1E479C-2C20-49CB-8D14-E3F30625F75B}.Development|Win64.ActiveCfg = Development_Game|x64
		{2C1E479C-2C20-49CB-8D14-E3F30625F75B}.Development|Win64.Build.0 = Development_Game|x64
		{2C1E479C-2C20-49CB-8D14-E3F30625F75B}.Shipping|HTML5.ActiveCfg = HTML5_Shipping_Game|Win32
		{2C1E479C-2C20-49CB-8D14-E3F30625F75B}.Shipping|HTML5.Build.0 = HTML5_Shipping_Game|Win32
		{2C1E479C-2C20-49CB-8D14-E3F30625F75B}.Shipping|Win32.ActiveCfg = Shipping_Game|Win32
		{2C1E479C-2C20-49CB-8D14-E3F30625F75B}.Shipping|Win32.Build.0 = Shipping_Game|Win32
		{2C1E479C-2C20-49CB-8D14-E3F30625F75B}.Shipping|Win64.ActiveCfg = Shipping_Game|x64
		{2C1E479C-2C20-49CB-8D14-E3F30625F75B}.Shipping|Win64.Build.0 = Shipping_Game|x64
	EndGlobalSection
	GlobalSection(SolutionProperties) = preSolution
		HideSolutionNode = FALSE
	EndGlobalSection
	GlobalSection(NestedProjects) = preSolution
		{F5B1F498-43E1-4842-9923-2511D0AD269C} = {F530C671-F598-47D2-90DF-29C302D837E4}
		{2C1E479C-2C20-49CB-8D14-E3F30625F75B} = {071FBA0D-038A-4564-AB1A-8EA04D8642A4}
	EndGlobalSection
	GlobalSection(ExtensibilityGlobals) = postSolution
		SolutionGuid = {2EC54811-6A35-4793-82C1-B12F8EFF3723}
	EndGlobalSection
EndGlobal
